
Microsoft Visual Studio Solution File, Format Version 12.00
# Visual Studio Version 16
VisualStudioVersion = 16.0.29326.143
MinimumVisualStudioVersion = 10.0.40219.1
Project("{FAE04EC0-301F-11D3-BF4B-00C04F79EFBC}") = "EvenFibNum", "EvenFibNum\EvenFibNum.csproj", "{5AF703E7-F812-4CA5-846E-A547C3940DBE}"
EndProject
Global
	GlobalSection(SolutionConfigurationPlatforms) = preSolution
		Debug|Any CPU = Debug|Any CPU
		Release|Any CPU = Release|Any CPU
	EndGlobalSection
	GlobalSection(ProjectConfigurationPlatforms) = postSolution
		{5AF703E7-F812-4CA5-846E-A547C3940DBE}.Debug|Any CPU.ActiveCfg = Debug|Any CPU
		{5AF703E7-F812-4CA5-846E-A547C3940DBE}.Debug|Any CPU.Build.0 = Debug|Any CPU
		{5AF703E7-F812-4CA5-846E-A547C3940DBE}.Release|Any CPU.ActiveCfg = Release|Any CPU
		{5AF703E7-F812-4CA5-846E-A547C3940DBE}.Release|Any CPU.Build.0 = Release|Any CPU
	EndGlobalSection
	GlobalSection(SolutionProperties) = preSolution
		HideSolutionNode = FALSE
	EndGlobalSection
	GlobalSection(ExtensibilityGlobals) = postSolution
		SolutionGuid = {30B2A5B9-1B44-4456-9F5E-33B788FF43E8}
	EndGlobalSection
EndGlobal
